
Microsoft Visual Studio Solution File, Format Version 12.00
# Visual Studio Version 16
VisualStudioVersion = 16.0.33027.164
MinimumVisualStudioVersion = 10.0.40219.1
Project("{FAE04EC0-301F-11D3-BF4B-00C04F79EFBC}") = "MTN", "MTN.csproj", "{B626B4FA-6A9B-428C-BCDA-AB1114662EBE}"
EndProject
Global
	GlobalSection(SolutionConfigurationPlatforms) = preSolution
		Debug|Any CPU = Debug|Any CPU
		Release|Any CPU = Release|Any CPU
	EndGlobalSection
	GlobalSection(ProjectConfigurationPlatforms) = postSolution
		{B626B4FA-6A9B-428C-BCDA-AB1114662EBE}.Debug|Any CPU.ActiveCfg = Debug|Any CPU
		{B626B4FA-6A9B-428C-BCDA-AB1114662EBE}.Debug|Any CPU.Build.0 = Debug|Any CPU
		{B626B4FA-6A9B-428C-BCDA-AB1114662EBE}.Release|Any CPU.ActiveCfg = Release|Any CPU
		{B626B4FA-6A9B-428C-BCDA-AB1114662EBE}.Release|Any CPU.Build.0 = Release|Any CPU
	EndGlobalSection
	GlobalSection(SolutionProperties) = preSolution
		HideSolutionNode = FALSE
	EndGlobalSection
	GlobalSection(ExtensibilityGlobals) = postSolution
		SolutionGuid = {0F20F669-0B5C-459C-805E-676B8F63D4F8}
	EndGlobalSection
EndGlobal
